// !$*UTF8*$!
{
	archiveVersion = 1;
	classes = {
	};
	objectVersion = 60;
	objects = {

/* Begin PBXBuildFile section */
		FF1933412A9FC29900F30EDC /* CardView.swift in Sources */ = {isa = PBXBuildFile; fileRef = FF1933402A9FC29900F30EDC /* CardView.swift */; };
		FF2D12122AA317DD00C3D168 /* AnilistApi in Frameworks */ = {isa = PBXBuildFile; productRef = FF2D12112AA317DD00C3D168 /* AnilistApi */; };
		FF440E412AAE2E4B003ADC09 /* ScrollDetector.swift in Sources */ = {isa = PBXBuildFile; fileRef = FF440E402AAE2E4B003ADC09 /* ScrollDetector.swift */; };
		FF7DE5E92A9E7A080007115C /* AnimeQLApp.swift in Sources */ = {isa = PBXBuildFile; fileRef = FF7DE5E82A9E7A080007115C /* AnimeQLApp.swift */; };
		FF7DE5EF2A9E7A0B0007115C /* Assets.xcassets in Resources */ = {isa = PBXBuildFile; fileRef = FF7DE5EE2A9E7A0B0007115C /* Assets.xcassets */; };
		FF7DE5F22A9E7A0B0007115C /* Preview Assets.xcassets in Resources */ = {isa = PBXBuildFile; fileRef = FF7DE5F12A9E7A0B0007115C /* Preview Assets.xcassets */; };
		FF7DE5FA2A9E7CC00007115C /* Apollo in Frameworks */ = {isa = PBXBuildFile; productRef = FF7DE5F92A9E7CC00007115C /* Apollo */; };
		FF7DE5FC2A9E7CC00007115C /* Apollo-Dynamic in Frameworks */ = {isa = PBXBuildFile; productRef = FF7DE5FB2A9E7CC00007115C /* Apollo-Dynamic */; };
		FF7DE5FE2A9E7CC00007115C /* ApolloAPI in Frameworks */ = {isa = PBXBuildFile; productRef = FF7DE5FD2A9E7CC00007115C /* ApolloAPI */; };
		FF7DE6022A9E7CC00007115C /* ApolloSQLite in Frameworks */ = {isa = PBXBuildFile; productRef = FF7DE6012A9E7CC00007115C /* ApolloSQLite */; };
		FF7DE6042A9E810B0007115C /* GraphQL in Resources */ = {isa = PBXBuildFile; fileRef = FF7DE6032A9E810B0007115C /* GraphQL */; };
		FF7DE60A2A9E8AD60007115C /* MainView.swift in Sources */ = {isa = PBXBuildFile; fileRef = FF7DE6092A9E8AD60007115C /* MainView.swift */; };
		FFA294B92AAE46970091D8D7 /* CarouselView.swift in Sources */ = {isa = PBXBuildFile; fileRef = FFA294B82AAE46970091D8D7 /* CarouselView.swift */; };
		FFA5EBEB2AA33179002EF160 /* CardDetailView.swift in Sources */ = {isa = PBXBuildFile; fileRef = FFA5EBEA2AA33179002EF160 /* CardDetailView.swift */; };
		FFCF1AE42AAE09D800C07DC3 /* Routing.swift in Sources */ = {isa = PBXBuildFile; fileRef = FFCF1AE32AAE09D800C07DC3 /* Routing.swift */; };
		FFFE9DD42AA656E200A917F1 /* String+Html.swift in Sources */ = {isa = PBXBuildFile; fileRef = FFFE9DD32AA656E200A917F1 /* String+Html.swift */; };
/* End PBXBuildFile section */

/* Begin PBXFileReference section */
		FF1933402A9FC29900F30EDC /* CardView.swift */ = {isa = PBXFileReference; lastKnownFileType = sourcecode.swift; path = CardView.swift; sourceTree = "<group>"; };
		FF440E402AAE2E4B003ADC09 /* ScrollDetector.swift */ = {isa = PBXFileReference; lastKnownFileType = sourcecode.swift; path = ScrollDetector.swift; sourceTree = "<group>"; };
		FF7DE5E52A9E7A080007115C /* AnimeQL.app */ = {isa = PBXFileReference; explicitFileType = wrapper.application; includeInIndex = 0; path = AnimeQL.app; sourceTree = BUILT_PRODUCTS_DIR; };
		FF7DE5E82A9E7A080007115C /* AnimeQLApp.swift */ = {isa = PBXFileReference; lastKnownFileType = sourcecode.swift; path = AnimeQLApp.swift; sourceTree = "<group>"; };
		FF7DE5EE2A9E7A0B0007115C /* Assets.xcassets */ = {isa = PBXFileReference; lastKnownFileType = folder.assetcatalog; path = Assets.xcassets; sourceTree = "<group>"; };
		FF7DE5F12A9E7A0B0007115C /* Preview Assets.xcassets */ = {isa = PBXFileReference; lastKnownFileType = folder.assetcatalog; path = "Preview Assets.xcassets"; sourceTree = "<group>"; };
		FF7DE6032A9E810B0007115C /* GraphQL */ = {isa = PBXFileReference; lastKnownFileType = folder; path = GraphQL; sourceTree = "<group>"; };
		FF7DE6092A9E8AD60007115C /* MainView.swift */ = {isa = PBXFileReference; lastKnownFileType = sourcecode.swift; path = MainView.swift; sourceTree = "<group>"; };
		FFA294B82AAE46970091D8D7 /* CarouselView.swift */ = {isa = PBXFileReference; lastKnownFileType = sourcecode.swift; path = CarouselView.swift; sourceTree = "<group>"; };
		FFA5EBEA2AA33179002EF160 /* CardDetailView.swift */ = {isa = PBXFileReference; lastKnownFileType = sourcecode.swift; path = CardDetailView.swift; sourceTree = "<group>"; };
		FFCF1AE32AAE09D800C07DC3 /* Routing.swift */ = {isa = PBXFileReference; lastKnownFileType = sourcecode.swift; path = Routing.swift; sourceTree = "<group>"; };
		FFFE9DD32AA656E200A917F1 /* String+Html.swift */ = {isa = PBXFileReference; lastKnownFileType = sourcecode.swift; path = "String+Html.swift"; sourceTree = "<group>"; };
/* End PBXFileReference section */

/* Begin PBXFrameworksBuildPhase section */
		FF7DE5E22A9E7A080007115C /* Frameworks */ = {
			isa = PBXFrameworksBuildPhase;
			buildActionMask = 2147483647;
			files = (
				FF2D12122AA317DD00C3D168 /* AnilistApi in Frameworks */,
				FF7DE5FE2A9E7CC00007115C /* ApolloAPI in Frameworks */,
				FF7DE5FA2A9E7CC00007115C /* Apollo in Frameworks */,
				FF7DE6022A9E7CC00007115C /* ApolloSQLite in Frameworks */,
				FF7DE5FC2A9E7CC00007115C /* Apollo-Dynamic in Frameworks */,
			);
			runOnlyForDeploymentPostprocessing = 0;
		};
/* End PBXFrameworksBuildPhase section */

/* Begin PBXGroup section */
		FF19333F2A9FC27A00F30EDC /* Components */ = {
			isa = PBXGroup;
			children = (
				FF1933402A9FC29900F30EDC /* CardView.swift */,
				FFA5EBEA2AA33179002EF160 /* CardDetailView.swift */,
				FFA294B82AAE46970091D8D7 /* CarouselView.swift */,
			);
			path = Components;
			sourceTree = "<group>";
		};
		FF440E3F2AAE2E3D003ADC09 /* Utilites */ = {
			isa = PBXGroup;
			children = (
				FF440E402AAE2E4B003ADC09 /* ScrollDetector.swift */,
			);
			path = Utilites;
			sourceTree = "<group>";
		};
		FF7DE5DC2A9E7A080007115C = {
			isa = PBXGroup;
			children = (
				FF7DE5E72A9E7A080007115C /* AnimeQL */,
				FF7DE5E62A9E7A080007115C /* Products */,
				FF7DE6082A9E8AAF0007115C /* Frameworks */,
			);
			sourceTree = "<group>";
		};
		FF7DE5E62A9E7A080007115C /* Products */ = {
			isa = PBXGroup;
			children = (
				FF7DE5E52A9E7A080007115C /* AnimeQL.app */,
			);
			name = Products;
			sourceTree = "<group>";
		};
		FF7DE5E72A9E7A080007115C /* AnimeQL */ = {
			isa = PBXGroup;
			children = (
				FF7DE5E82A9E7A080007115C /* AnimeQLApp.swift */,
				FFFE9DD22AA656CA00A917F1 /* Extensions */,
				FF7DE6032A9E810B0007115C /* GraphQL */,
				FFCF1AE62AAE0D2800C07DC3 /* Scenes */,
				FFCF1AE52AAE09DB00C07DC3 /* Navigation */,
				FF440E3F2AAE2E3D003ADC09 /* Utilites */,
				FF7DE5F02A9E7A0B0007115C /* Preview Content */,
				FF7DE5EE2A9E7A0B0007115C /* Assets.xcassets */,
			);
			path = AnimeQL;
			sourceTree = "<group>";
		};
		FF7DE5F02A9E7A0B0007115C /* Preview Content */ = {
			isa = PBXGroup;
			children = (
				FF7DE5F12A9E7A0B0007115C /* Preview Assets.xcassets */,
			);
			path = "Preview Content";
			sourceTree = "<group>";
		};
		FF7DE6082A9E8AAF0007115C /* Frameworks */ = {
			isa = PBXGroup;
			children = (
			);
			name = Frameworks;
			sourceTree = "<group>";
		};
		FFCF1AE52AAE09DB00C07DC3 /* Navigation */ = {
			isa = PBXGroup;
			children = (
				FFCF1AE32AAE09D800C07DC3 /* Routing.swift */,
			);
			path = Navigation;
			sourceTree = "<group>";
		};
		FFCF1AE62AAE0D2800C07DC3 /* Scenes */ = {
			isa = PBXGroup;
			children = (
				FF7DE6092A9E8AD60007115C /* MainView.swift */,
				FF19333F2A9FC27A00F30EDC /* Components */,
			);
			path = Scenes;
			sourceTree = "<group>";
		};
		FFFE9DD22AA656CA00A917F1 /* Extensions */ = {
			isa = PBXGroup;
			children = (
				FFFE9DD32AA656E200A917F1 /* String+Html.swift */,
			);
			path = Extensions;
			sourceTree = "<group>";
		};
/* End PBXGroup section */

/* Begin PBXNativeTarget section */
		FF7DE5E42A9E7A080007115C /* AnimeQL */ = {
			isa = PBXNativeTarget;
			buildConfigurationList = FF7DE5F52A9E7A0B0007115C /* Build configuration list for PBXNativeTarget "AnimeQL" */;
			buildPhases = (
				FF7DE5E12A9E7A080007115C /* Sources */,
				FF7DE5E22A9E7A080007115C /* Frameworks */,
				FF7DE5E32A9E7A080007115C /* Resources */,
			);
			buildRules = (
			);
			dependencies = (
			);
			name = AnimeQL;
			packageProductDependencies = (
				FF7DE5F92A9E7CC00007115C /* Apollo */,
				FF7DE5FB2A9E7CC00007115C /* Apollo-Dynamic */,
				FF7DE5FD2A9E7CC00007115C /* ApolloAPI */,
				FF7DE6012A9E7CC00007115C /* ApolloSQLite */,
				FF2D12112AA317DD00C3D168 /* AnilistApi */,
			);
			productName = AnimeQL;
			productReference = FF7DE5E52A9E7A080007115C /* AnimeQL.app */;
			productType = "com.apple.product-type.application";
		};
/* End PBXNativeTarget section */

/* Begin PBXProject section */
		FF7DE5DD2A9E7A080007115C /* Project object */ = {
			isa = PBXProject;
			attributes = {
				BuildIndependentTargetsInParallel = 1;
				LastSwiftUpdateCheck = 1500;
				LastUpgradeCheck = 1500;
				TargetAttributes = {
					FF7DE5E42A9E7A080007115C = {
						CreatedOnToolsVersion = 15.0;
					};
				};
			};
			buildConfigurationList = FF7DE5E02A9E7A080007115C /* Build configuration list for PBXProject "AnimeQL" */;
			compatibilityVersion = "Xcode 14.0";
			developmentRegion = en;
			hasScannedForEncodings = 0;
			knownRegions = (
				en,
				Base,
			);
			mainGroup = FF7DE5DC2A9E7A080007115C;
			packageReferences = (
				FF7DE5F82A9E7CC00007115C /* XCRemoteSwiftPackageReference "apollo-ios" */,
				FF7DE6052A9E8A8C0007115C /* XCLocalSwiftPackageReference "AnilistApi" */,
			);
			productRefGroup = FF7DE5E62A9E7A080007115C /* Products */;
			projectDirPath = "";
			projectRoot = "";
			targets = (
				FF7DE5E42A9E7A080007115C /* AnimeQL */,
			);
		};
/* End PBXProject section */

/* Begin PBXResourcesBuildPhase section */
		FF7DE5E32A9E7A080007115C /* Resources */ = {
			isa = PBXResourcesBuildPhase;
			buildActionMask = 2147483647;
			files = (
				FF7DE6042A9E810B0007115C /* GraphQL in Resources */,
				FF7DE5F22A9E7A0B0007115C /* Preview Assets.xcassets in Resources */,
				FF7DE5EF2A9E7A0B0007115C /* Assets.xcassets in Resources */,
			);
			runOnlyForDeploymentPostprocessing = 0;
		};
/* End PBXResourcesBuildPhase section */

/* Begin PBXSourcesBuildPhase section */
		FF7DE5E12A9E7A080007115C /* Sources */ = {
			isa = PBXSourcesBuildPhase;
			buildActionMask = 2147483647;
			files = (
				FF7DE60A2A9E8AD60007115C /* MainView.swift in Sources */,
				FF440E412AAE2E4B003ADC09 /* ScrollDetector.swift in Sources */,
				FFA5EBEB2AA33179002EF160 /* CardDetailView.swift in Sources */,
				FFCF1AE42AAE09D800C07DC3 /* Routing.swift in Sources */,
				FFFE9DD42AA656E200A917F1 /* String+Html.swift in Sources */,
				FF7DE5E92A9E7A080007115C /* AnimeQLApp.swift in Sources */,
				FFA294B92AAE46970091D8D7 /* CarouselView.swift in Sources */,
				FF1933412A9FC29900F30EDC /* CardView.swift in Sources */,
			);
			runOnlyForDeploymentPostprocessing = 0;
		};
/* End PBXSourcesBuildPhase section */

/* Begin XCBuildConfiguration section */
		FF7DE5F32A9E7A0B0007115C /* Debug */ = {
			isa = XCBuildConfiguration;
			buildSettings = {
				ALWAYS_SEARCH_USER_PATHS = NO;
				ASSETCATALOG_COMPILER_GENERATE_SWIFT_ASSET_SYMBOL_EXTENSIONS = YES;
				CLANG_ANALYZER_NONNULL = YES;
				CLANG_ANALYZER_NUMBER_OBJECT_CONVERSION = YES_AGGRESSIVE;
				CLANG_CXX_LANGUAGE_STANDARD = "gnu++20";
				CLANG_ENABLE_MODULES = YES;
				CLANG_ENABLE_OBJC_ARC = YES;
				CLANG_ENABLE_OBJC_WEAK = YES;
				CLANG_WARN_BLOCK_CAPTURE_AUTORELEASING = YES;
				CLANG_WARN_BOOL_CONVERSION = YES;
				CLANG_WARN_COMMA = YES;
				CLANG_WARN_CONSTANT_CONVERSION = YES;
				CLANG_WARN_DEPRECATED_OBJC_IMPLEMENTATIONS = YES;
				CLANG_WARN_DIRECT_OBJC_ISA_USAGE = YES_ERROR;
				CLANG_WARN_DOCUMENTATION_COMMENTS = YES;
				CLANG_WARN_EMPTY_BODY = YES;
				CLANG_WARN_ENUM_CONVERSION = YES;
				CLANG_WARN_INFINITE_RECURSION = YES;
				CLANG_WARN_INT_CONVERSION = YES;
				CLANG_WARN_NON_LITERAL_NULL_CONVERSION = YES;
				CLANG_WARN_OBJC_IMPLICIT_RETAIN_SELF = YES;
				CLANG_WARN_OBJC_LITERAL_CONVERSION = YES;
				CLANG_WARN_OBJC_ROOT_CLASS = YES_ERROR;
				CLANG_WARN_QUOTED_INCLUDE_IN_FRAMEWORK_HEADER = YES;
				CLANG_WARN_RANGE_LOOP_ANALYSIS = YES;
				CLANG_WARN_STRICT_PROTOTYPES = YES;
				CLANG_WARN_SUSPICIOUS_MOVE = YES;
				CLANG_WARN_UNGUARDED_AVAILABILITY = YES_AGGRESSIVE;
				CLANG_WARN_UNREACHABLE_CODE = YES;
				CLANG_WARN__DUPLICATE_METHOD_MATCH = YES;
				COPY_PHASE_STRIP = NO;
				DEBUG_INFORMATION_FORMAT = dwarf;
				ENABLE_STRICT_OBJC_MSGSEND = YES;
				ENABLE_TESTABILITY = YES;
				ENABLE_USER_SCRIPT_SANDBOXING = YES;
				GCC_C_LANGUAGE_STANDARD = gnu17;
				GCC_DYNAMIC_NO_PIC = NO;
				GCC_NO_COMMON_BLOCKS = YES;
				GCC_OPTIMIZATION_LEVEL = 0;
				GCC_PREPROCESSOR_DEFINITIONS = (
					"DEBUG=1",
					"$(inherited)",
				);
				GCC_WARN_64_TO_32_BIT_CONVERSION = YES;
				GCC_WARN_ABOUT_RETURN_TYPE = YES_ERROR;
				GCC_WARN_UNDECLARED_SELECTOR = YES;
				GCC_WARN_UNINITIALIZED_AUTOS = YES_AGGRESSIVE;
				GCC_WARN_UNUSED_FUNCTION = YES;
				GCC_WARN_UNUSED_VARIABLE = YES;
				IPHONEOS_DEPLOYMENT_TARGET = 17.0;
				LOCALIZATION_PREFERS_STRING_CATALOGS = YES;
				MTL_ENABLE_DEBUG_INFO = INCLUDE_SOURCE;
				MTL_FAST_MATH = YES;
				ONLY_ACTIVE_ARCH = YES;
				SDKROOT = iphoneos;
				SWIFT_ACTIVE_COMPILATION_CONDITIONS = "DEBUG $(inherited)";
				SWIFT_OPTIMIZATION_LEVEL = "-Onone";
			};
			name = Debug;
		};
		FF7DE5F42A9E7A0B0007115C /* Release */ = {
			isa = XCBuildConfiguration;
			buildSettings = {
				ALWAYS_SEARCH_USER_PATHS = NO;
				ASSETCATALOG_COMPILER_GENERATE_SWIFT_ASSET_SYMBOL_EXTENSIONS = YES;
				CLANG_ANALYZER_NONNULL = YES;
				CLANG_ANALYZER_NUMBER_OBJECT_CONVERSION = YES_AGGRESSIVE;
				CLANG_CXX_LANGUAGE_STANDARD = "gnu++20";
				CLANG_ENABLE_MODULES = YES;
				CLANG_ENABLE_OBJC_ARC = YES;
				CLANG_ENABLE_OBJC_WEAK = YES;
				CLANG_WARN_BLOCK_CAPTURE_AUTORELEASING = YES;
				CLANG_WARN_BOOL_CONVERSION = YES;
				CLANG_WARN_COMMA = YES;
				CLANG_WARN_CONSTANT_CONVERSION = YES;
				CLANG_WARN_DEPRECATED_OBJC_IMPLEMENTATIONS = YES;
				CLANG_WARN_DIRECT_OBJC_ISA_USAGE = YES_ERROR;
				CLANG_WARN_DOCUMENTATION_COMMENTS = YES;
				CLANG_WARN_EMPTY_BODY = YES;
				CLANG_WARN_ENUM_CONVERSION = YES;
				CLANG_WARN_INFINITE_RECURSION = YES;
				CLANG_WARN_INT_CONVERSION = YES;
				CLANG_WARN_NON_LITERAL_NULL_CONVERSION = YES;
				CLANG_WARN_OBJC_IMPLICIT_RETAIN_SELF = YES;
				CLANG_WARN_OBJC_LITERAL_CONVERSION = YES;
				CLANG_WARN_OBJC_ROOT_CLASS = YES_ERROR;
				CLANG_WARN_QUOTED_INCLUDE_IN_FRAMEWORK_HEADER = YES;
				CLANG_WARN_RANGE_LOOP_ANALYSIS = YES;
				CLANG_WARN_STRICT_PROTOTYPES = YES;
				CLANG_WARN_SUSPICIOUS_MOVE = YES;
				CLANG_WARN_UNGUARDED_AVAILABILITY = YES_AGGRESSIVE;
				CLANG_WARN_UNREACHABLE_CODE = YES;
				CLANG_WARN__DUPLICATE_METHOD_MATCH = YES;
				COPY_PHASE_STRIP = NO;
				DEBUG_INFORMATION_FORMAT = "dwarf-with-dsym";
				ENABLE_NS_ASSERTIONS = NO;
				ENABLE_STRICT_OBJC_MSGSEND = YES;
				ENABLE_USER_SCRIPT_SANDBOXING = YES;
				GCC_C_LANGUAGE_STANDARD = gnu17;
				GCC_NO_COMMON_BLOCKS = YES;
				GCC_WARN_64_TO_32_BIT_CONVERSION = YES;
				GCC_WARN_ABOUT_RETURN_TYPE = YES_ERROR;
				GCC_WARN_UNDECLARED_SELECTOR = YES;
				GCC_WARN_UNINITIALIZED_AUTOS = YES_AGGRESSIVE;
				GCC_WARN_UNUSED_FUNCTION = YES;
				GCC_WARN_UNUSED_VARIABLE = YES;
				IPHONEOS_DEPLOYMENT_TARGET = 17.0;
				LOCALIZATION_PREFERS_STRING_CATALOGS = YES;
				MTL_ENABLE_DEBUG_INFO = NO;
				MTL_FAST_MATH = YES;
				SDKROOT = iphoneos;
				SWIFT_COMPILATION_MODE = wholemodule;
				VALIDATE_PRODUCT = YES;
			};
			name = Release;
		};
		FF7DE5F62A9E7A0B0007115C /* Debug */ = {
			isa = XCBuildConfiguration;
			buildSettings = {
				ASSETCATALOG_COMPILER_APPICON_NAME = AppIcon;
				ASSETCATALOG_COMPILER_GLOBAL_ACCENT_COLOR_NAME = AccentColor;
				CODE_SIGN_STYLE = Automatic;
				CURRENT_PROJECT_VERSION = 1;
				DEVELOPMENT_ASSET_PATHS = "\"AnimeQL/Preview Content\"";
				DEVELOPMENT_TEAM = 55H4ABU399;
				ENABLE_PREVIEWS = YES;
				GENERATE_INFOPLIST_FILE = YES;
				INFOPLIST_KEY_UIApplicationSceneManifest_Generation = YES;
				INFOPLIST_KEY_UIApplicationSupportsIndirectInputEvents = YES;
				INFOPLIST_KEY_UILaunchScreen_Generation = YES;
				INFOPLIST_KEY_UISupportedInterfaceOrientations_iPad = "UIInterfaceOrientationPortrait UIInterfaceOrientationPortraitUpsideDown UIInterfaceOrientationLandscapeLeft UIInterfaceOrientationLandscapeRight";
				INFOPLIST_KEY_UISupportedInterfaceOrientations_iPhone = "UIInterfaceOrientationPortrait UIInterfaceOrientationLandscapeLeft UIInterfaceOrientationLandscapeRight";
				LD_RUNPATH_SEARCH_PATHS = (
					"$(inherited)",
					"@executable_path/Frameworks",
				);
				MARKETING_VERSION = 1.0;
				PRODUCT_BUNDLE_IDENTIFIER = ivo.AnimeQL;
				PRODUCT_NAME = "$(TARGET_NAME)";
				SWIFT_EMIT_LOC_STRINGS = YES;
				SWIFT_VERSION = 5.0;
				TARGETED_DEVICE_FAMILY = "1,2";
			};
			name = Debug;
		};
		FF7DE5F72A9E7A0B0007115C /* Release */ = {
			isa = XCBuildConfiguration;
			buildSettings = {
				ASSETCATALOG_COMPILER_APPICON_NAME = AppIcon;
				ASSETCATALOG_COMPILER_GLOBAL_ACCENT_COLOR_NAME = AccentColor;
				CODE_SIGN_STYLE = Automatic;
				CURRENT_PROJECT_VERSION = 1;
				DEVELOPMENT_ASSET_PATHS = "\"AnimeQL/Preview Content\"";
				DEVELOPMENT_TEAM = 55H4ABU399;
				ENABLE_PREVIEWS = YES;
				GENERATE_INFOPLIST_FILE = YES;
				INFOPLIST_KEY_UIApplicationSceneManifest_Generation = YES;
				INFOPLIST_KEY_UIApplicationSupportsIndirectInputEvents = YES;
				INFOPLIST_KEY_UILaunchScreen_Generation = YES;
				INFOPLIST_KEY_UISupportedInterfaceOrientations_iPad = "UIInterfaceOrientationPortrait UIInterfaceOrientationPortraitUpsideDown UIInterfaceOrientationLandscapeLeft UIInterfaceOrientationLandscapeRight";
				INFOPLIST_KEY_UISupportedInterfaceOrientations_iPhone = "UIInterfaceOrientationPortrait UIInterfaceOrientationLandscapeLeft UIInterfaceOrientationLandscapeRight";
				LD_RUNPATH_SEARCH_PATHS = (
					"$(inherited)",
					"@executable_path/Frameworks",
				);
				MARKETING_VERSION = 1.0;
				PRODUCT_BUNDLE_IDENTIFIER = ivo.AnimeQL;
				PRODUCT_NAME = "$(TARGET_NAME)";
				SWIFT_EMIT_LOC_STRINGS = YES;
				SWIFT_VERSION = 5.0;
				TARGETED_DEVICE_FAMILY = "1,2";
			};
			name = Release;
		};
/* End XCBuildConfiguration section */

/* Begin XCConfigurationList section */
		FF7DE5E02A9E7A080007115C /* Build configuration list for PBXProject "AnimeQL" */ = {
			isa = XCConfigurationList;
			buildConfigurations = (
				FF7DE5F32A9E7A0B0007115C /* Debug */,
				FF7DE5F42A9E7A0B0007115C /* Release */,
			);
			defaultConfigurationIsVisible = 0;
			defaultConfigurationName = Release;
		};
		FF7DE5F52A9E7A0B0007115C /* Build configuration list for PBXNativeTarget "AnimeQL" */ = {
			isa = XCConfigurationList;
			buildConfigurations = (
				FF7DE5F62A9E7A0B0007115C /* Debug */,
				FF7DE5F72A9E7A0B0007115C /* Release */,
			);
			defaultConfigurationIsVisible = 0;
			defaultConfigurationName = Release;
		};
/* End XCConfigurationList section */

/* Begin XCLocalSwiftPackageReference section */
		FF7DE6052A9E8A8C0007115C /* XCLocalSwiftPackageReference "AnilistApi" */ = {
			isa = XCLocalSwiftPackageReference;
			relativePath = AnilistApi;
		};
/* End XCLocalSwiftPackageReference section */

/* Begin XCRemoteSwiftPackageReference section */
		FF7DE5F82A9E7CC00007115C /* XCRemoteSwiftPackageReference "apollo-ios" */ = {
			isa = XCRemoteSwiftPackageReference;
			repositoryURL = "https://github.com/apollographql/apollo-ios.git";
			requirement = {
				kind = upToNextMajorVersion;
				minimumVersion = 1.4.0;
			};
		};
/* End XCRemoteSwiftPackageReference section */

/* Begin XCSwiftPackageProductDependency section */
		FF2D12112AA317DD00C3D168 /* AnilistApi */ = {
			isa = XCSwiftPackageProductDependency;
			package = FF7DE6052A9E8A8C0007115C /* XCLocalSwiftPackageReference "AnilistApi" */;
			productName = AnilistApi;
		};
		FF7DE5F92A9E7CC00007115C /* Apollo */ = {
			isa = XCSwiftPackageProductDependency;
			package = FF7DE5F82A9E7CC00007115C /* XCRemoteSwiftPackageReference "apollo-ios" */;
			productName = Apollo;
		};
		FF7DE5FB2A9E7CC00007115C /* Apollo-Dynamic */ = {
			isa = XCSwiftPackageProductDependency;
			package = FF7DE5F82A9E7CC00007115C /* XCRemoteSwiftPackageReference "apollo-ios" */;
			productName = "Apollo-Dynamic";
		};
		FF7DE5FD2A9E7CC00007115C /* ApolloAPI */ = {
			isa = XCSwiftPackageProductDependency;
			package = FF7DE5F82A9E7CC00007115C /* XCRemoteSwiftPackageReference "apollo-ios" */;
			productName = ApolloAPI;
		};
		FF7DE6012A9E7CC00007115C /* ApolloSQLite */ = {
			isa = XCSwiftPackageProductDependency;
			package = FF7DE5F82A9E7CC00007115C /* XCRemoteSwiftPackageReference "apollo-ios" */;
			productName = ApolloSQLite;
		};
/* End XCSwiftPackageProductDependency section */
	};
	rootObject = FF7DE5DD2A9E7A080007115C /* Project object */;
}
